
Microsoft Visual Studio Solution File, Format Version 12.00
# Visual Studio Version 16
VisualStudioVersion = 16.0.30804.86
MinimumVisualStudioVersion = 10.0.40219.1
Project("{FAE04EC0-301F-11D3-BF4B-00C04F79EFBC}") = "rfid-security-controller", "rfid-security-controller\rfid-security-controller.csproj", "{FD53AE3C-B367-4E25-A718-97E825A0DE0C}"
EndProject
Global
	GlobalSection(SolutionConfigurationPlatforms) = preSolution
		Debug|Any CPU = Debug|Any CPU
		Release|Any CPU = Release|Any CPU
	EndGlobalSection
	GlobalSection(ProjectConfigurationPlatforms) = postSolution
		{FD53AE3C-B367-4E25-A718-97E825A0DE0C}.Debug|Any CPU.ActiveCfg = Debug|Any CPU
		{FD53AE3C-B367-4E25-A718-97E825A0DE0C}.Debug|Any CPU.Build.0 = Debug|Any CPU
		{FD53AE3C-B367-4E25-A718-97E825A0DE0C}.Release|Any CPU.ActiveCfg = Release|Any CPU
		{FD53AE3C-B367-4E25-A718-97E825A0DE0C}.Release|Any CPU.Build.0 = Release|Any CPU
	EndGlobalSection
	GlobalSection(SolutionProperties) = preSolution
		HideSolutionNode = FALSE
	EndGlobalSection
	GlobalSection(ExtensibilityGlobals) = postSolution
		SolutionGuid = {0C5FDAF0-520A-4F6E-ACAE-678E0CEFDB86}
	EndGlobalSection
EndGlobal
